
Microsoft Visual Studio Solution File, Format Version 12.00
# Visual Studio 2012
Project("{FAE04EC0-301F-11D3-BF4B-00C04F79EFBC}") = "001_MakeFormatStringVariable", "001_MakeFormatStringVariable\001_MakeFormatStringVariable.csproj", "{83E66178-29BE-4D57-8119-F08E24CEB0CA}"
EndProject
Global
	GlobalSection(SolutionConfigurationPlatforms) = preSolution
		Debug|Any CPU = Debug|Any CPU
		Release|Any CPU = Release|Any CPU
	EndGlobalSection
	GlobalSection(ProjectConfigurationPlatforms) = postSolution
		{83E66178-29BE-4D57-8119-F08E24CEB0CA}.Debug|Any CPU.ActiveCfg = Debug|Any CPU
		{83E66178-29BE-4D57-8119-F08E24CEB0CA}.Debug|Any CPU.Build.0 = Debug|Any CPU
		{83E66178-29BE-4D57-8119-F08E24CEB0CA}.Release|Any CPU.ActiveCfg = Release|Any CPU
		{83E66178-29BE-4D57-8119-F08E24CEB0CA}.Release|Any CPU.Build.0 = Release|Any CPU
	EndGlobalSection
	GlobalSection(SolutionProperties) = preSolution
		HideSolutionNode = FALSE
	EndGlobalSection
EndGlobal
