
Microsoft Visual Studio Solution File, Format Version 12.00
# Visual Studio 2012
Project("{FAE04EC0-301F-11D3-BF4B-00C04F79EFBC}") = "hfucsharp", "hfucsharp\hfucsharp.csproj", "{17A53B60-48C9-4A84-82BD-3384EC59FF88}"
EndProject
Global
	GlobalSection(SolutionConfigurationPlatforms) = preSolution
		Debug|Any CPU = Debug|Any CPU
		Release|Any CPU = Release|Any CPU
	EndGlobalSection
	GlobalSection(ProjectConfigurationPlatforms) = postSolution
		{17A53B60-48C9-4A84-82BD-3384EC59FF88}.Debug|Any CPU.ActiveCfg = Debug|Any CPU
		{17A53B60-48C9-4A84-82BD-3384EC59FF88}.Debug|Any CPU.Build.0 = Debug|Any CPU
		{17A53B60-48C9-4A84-82BD-3384EC59FF88}.Release|Any CPU.ActiveCfg = Release|Any CPU
		{17A53B60-48C9-4A84-82BD-3384EC59FF88}.Release|Any CPU.Build.0 = Release|Any CPU
	EndGlobalSection
	GlobalSection(SolutionProperties) = preSolution
		HideSolutionNode = FALSE
	EndGlobalSection
EndGlobal
